
Microsoft Visual Studio Solution File, Format Version 12.00
# Visual Studio Version 17
VisualStudioVersion = 17.6.33712.159
MinimumVisualStudioVersion = 10.0.40219.1
Project("{FAE04EC0-301F-11D3-BF4B-00C04F79EFBC}") = "avtoNew", "avtoNew.csproj", "{9D6A352E-C91D-44EA-86A3-6A0BFA67F132}"
EndProject
Global
	GlobalSection(SolutionConfigurationPlatforms) = preSolution
		Debug|Any CPU = Debug|Any CPU
		Release|Any CPU = Release|Any CPU
	EndGlobalSection
	GlobalSection(ProjectConfigurationPlatforms) = postSolution
		{9D6A352E-C91D-44EA-86A3-6A0BFA67F132}.Debug|Any CPU.ActiveCfg = Debug|Any CPU
		{9D6A352E-C91D-44EA-86A3-6A0BFA67F132}.Debug|Any CPU.Build.0 = Debug|Any CPU
		{9D6A352E-C91D-44EA-86A3-6A0BFA67F132}.Release|Any CPU.ActiveCfg = Release|Any CPU
		{9D6A352E-C91D-44EA-86A3-6A0BFA67F132}.Release|Any CPU.Build.0 = Release|Any CPU
	EndGlobalSection
	GlobalSection(SolutionProperties) = preSolution
		HideSolutionNode = FALSE
	EndGlobalSection
	GlobalSection(ExtensibilityGlobals) = postSolution
		SolutionGuid = {C3D34AB1-EE13-4504-862C-214800C92CD1}
	EndGlobalSection
EndGlobal
